
Microsoft Visual Studio Solution File, Format Version 12.00
# Visual Studio Version 17
VisualStudioVersion = 17.0.31903.59
MinimumVisualStudioVersion = 10.0.40219.1
Project("{FAE04EC0-301F-11D3-BF4B-00C04F79EFBC}") = "TaskManager.API", "TaskManager.API\TaskManager.API.csproj", "{147EC6FF-8571-46C1-9608-8D4BBD4C3A5D}"
EndProject
Project("{FAE04EC0-301F-11D3-BF4B-00C04F79EFBC}") = "TaskManager.Domain", "TaskManager.Domain\TaskManager.Domain.csproj", "{4C8FCF63-BC8B-41BC-9411-694E477728CD}"
EndProject
Project("{FAE04EC0-301F-11D3-BF4B-00C04F79EFBC}") = "TaskManager.Application", "TaskManager.Application\TaskManager.Application.csproj", "{F3CA81F8-7320-4192-ABCF-68F688817C3A}"
EndProject
Project("{FAE04EC0-301F-11D3-BF4B-00C04F79EFBC}") = "TaskManager.Infrastructure", "TaskManager.Infrastructure\TaskManager.Infrastructure.csproj", "{2FAA36EB-B155-4526-B915-83DF77374890}"
EndProject
Global
	GlobalSection(SolutionConfigurationPlatforms) = preSolution
		Debug|Any CPU = Debug|Any CPU
		Debug|x64 = Debug|x64
		Debug|x86 = Debug|x86
		Release|Any CPU = Release|Any CPU
		Release|x64 = Release|x64
		Release|x86 = Release|x86
	EndGlobalSection
	GlobalSection(ProjectConfigurationPlatforms) = postSolution
		{147EC6FF-8571-46C1-9608-8D4BBD4C3A5D}.Debug|Any CPU.ActiveCfg = Debug|Any CPU
		{147EC6FF-8571-46C1-9608-8D4BBD4C3A5D}.Debug|Any CPU.Build.0 = Debug|Any CPU
		{147EC6FF-8571-46C1-9608-8D4BBD4C3A5D}.Debug|x64.ActiveCfg = Debug|Any CPU
		{147EC6FF-8571-46C1-9608-8D4BBD4C3A5D}.Debug|x64.Build.0 = Debug|Any CPU
		{147EC6FF-8571-46C1-9608-8D4BBD4C3A5D}.Debug|x86.ActiveCfg = Debug|Any CPU
		{147EC6FF-8571-46C1-9608-8D4BBD4C3A5D}.Debug|x86.Build.0 = Debug|Any CPU
		{147EC6FF-8571-46C1-9608-8D4BBD4C3A5D}.Release|Any CPU.ActiveCfg = Release|Any CPU
		{147EC6FF-8571-46C1-9608-8D4BBD4C3A5D}.Release|Any CPU.Build.0 = Release|Any CPU
		{147EC6FF-8571-46C1-9608-8D4BBD4C3A5D}.Release|x64.ActiveCfg = Release|Any CPU
		{147EC6FF-8571-46C1-9608-8D4BBD4C3A5D}.Release|x64.Build.0 = Release|Any CPU
		{147EC6FF-8571-46C1-9608-8D4BBD4C3A5D}.Release|x86.ActiveCfg = Release|Any CPU
		{147EC6FF-8571-46C1-9608-8D4BBD4C3A5D}.Release|x86.Build.0 = Release|Any CPU
		{4C8FCF63-BC8B-41BC-9411-694E477728CD}.Debug|Any CPU.ActiveCfg = Debug|Any CPU
		{4C8FCF63-BC8B-41BC-9411-694E477728CD}.Debug|Any CPU.Build.0 = Debug|Any CPU
		{4C8FCF63-BC8B-41BC-9411-694E477728CD}.Debug|x64.ActiveCfg = Debug|Any CPU
		{4C8FCF63-BC8B-41BC-9411-694E477728CD}.Debug|x64.Build.0 = Debug|Any CPU
		{4C8FCF63-BC8B-41BC-9411-694E477728CD}.Debug|x86.ActiveCfg = Debug|Any CPU
		{4C8FCF63-BC8B-41BC-9411-694E477728CD}.Debug|x86.Build.0 = Debug|Any CPU
		{4C8FCF63-BC8B-41BC-9411-694E477728CD}.Release|Any CPU.ActiveCfg = Release|Any CPU
		{4C8FCF63-BC8B-41BC-9411-694E477728CD}.Release|Any CPU.Build.0 = Release|Any CPU
		{4C8FCF63-BC8B-41BC-9411-694E477728CD}.Release|x64.ActiveCfg = Release|Any CPU
		{4C8FCF63-BC8B-41BC-9411-694E477728CD}.Release|x64.Build.0 = Release|Any CPU
		{4C8FCF63-BC8B-41BC-9411-694E477728CD}.Release|x86.ActiveCfg = Release|Any CPU
		{4C8FCF63-BC8B-41BC-9411-694E477728CD}.Release|x86.Build.0 = Release|Any CPU
		{F3CA81F8-7320-4192-ABCF-68F688817C3A}.Debug|Any CPU.ActiveCfg = Debug|Any CPU
		{F3CA81F8-7320-4192-ABCF-68F688817C3A}.Debug|Any CPU.Build.0 = Debug|Any CPU
		{F3CA81F8-7320-4192-ABCF-68F688817C3A}.Debug|x64.ActiveCfg = Debug|Any CPU
		{F3CA81F8-7320-4192-ABCF-68F688817C3A}.Debug|x64.Build.0 = Debug|Any CPU
		{F3CA81F8-7320-4192-ABCF-68F688817C3A}.Debug|x86.ActiveCfg = Debug|Any CPU
		{F3CA81F8-7320-4192-ABCF-68F688817C3A}.Debug|x86.Build.0 = Debug|Any CPU
		{F3CA81F8-7320-4192-ABCF-68F688817C3A}.Release|Any CPU.ActiveCfg = Release|Any CPU
		{F3CA81F8-7320-4192-ABCF-68F688817C3A}.Release|Any CPU.Build.0 = Release|Any CPU
		{F3CA81F8-7320-4192-ABCF-68F688817C3A}.Release|x64.ActiveCfg = Release|Any CPU
		{F3CA81F8-7320-4192-ABCF-68F688817C3A}.Release|x64.Build.0 = Release|Any CPU
		{F3CA81F8-7320-4192-ABCF-68F688817C3A}.Release|x86.ActiveCfg = Release|Any CPU
		{F3CA81F8-7320-4192-ABCF-68F688817C3A}.Release|x86.Build.0 = Release|Any CPU
		{2FAA36EB-B155-4526-B915-83DF77374890}.Debug|Any CPU.ActiveCfg = Debug|Any CPU
		{2FAA36EB-B155-4526-B915-83DF77374890}.Debug|Any CPU.Build.0 = Debug|Any CPU
		{2FAA36EB-B155-4526-B915-83DF77374890}.Debug|x64.ActiveCfg = Debug|Any CPU
		{2FAA36EB-B155-4526-B915-83DF77374890}.Debug|x64.Build.0 = Debug|Any CPU
		{2FAA36EB-B155-4526-B915-83DF77374890}.Debug|x86.ActiveCfg = Debug|Any CPU
		{2FAA36EB-B155-4526-B915-83DF77374890}.Debug|x86.Build.0 = Debug|Any CPU
		{2FAA36EB-B155-4526-B915-83DF77374890}.Release|Any CPU.ActiveCfg = Release|Any CPU
		{2FAA36EB-B155-4526-B915-83DF77374890}.Release|Any CPU.Build.0 = Release|Any CPU
		{2FAA36EB-B155-4526-B915-83DF77374890}.Release|x64.ActiveCfg = Release|Any CPU
		{2FAA36EB-B155-4526-B915-83DF77374890}.Release|x64.Build.0 = Release|Any CPU
		{2FAA36EB-B155-4526-B915-83DF77374890}.Release|x86.ActiveCfg = Release|Any CPU
		{2FAA36EB-B155-4526-B915-83DF77374890}.Release|x86.Build.0 = Release|Any CPU
	EndGlobalSection
	GlobalSection(SolutionProperties) = preSolution
		HideSolutionNode = FALSE
	EndGlobalSection
EndGlobal
